
Microsoft Visual Studio Solution File, Format Version 12.00
# Visual Studio Version 16
VisualStudioVersion = 16.0.31729.503
MinimumVisualStudioVersion = 10.0.40219.1
Project("{FAE04EC0-301F-11D3-BF4B-00C04F79EFBC}") = "Gestion de produits", "Gestion de produits\Gestion de produits.csproj", "{DD864AB5-79C6-4B49-B43A-EB0B60CCE49B}"
EndProject
Global
	GlobalSection(SolutionConfigurationPlatforms) = preSolution
		Debug|Any CPU = Debug|Any CPU
		Release|Any CPU = Release|Any CPU
	EndGlobalSection
	GlobalSection(ProjectConfigurationPlatforms) = postSolution
		{DD864AB5-79C6-4B49-B43A-EB0B60CCE49B}.Debug|Any CPU.ActiveCfg = Debug|Any CPU
		{DD864AB5-79C6-4B49-B43A-EB0B60CCE49B}.Debug|Any CPU.Build.0 = Debug|Any CPU
		{DD864AB5-79C6-4B49-B43A-EB0B60CCE49B}.Release|Any CPU.ActiveCfg = Release|Any CPU
		{DD864AB5-79C6-4B49-B43A-EB0B60CCE49B}.Release|Any CPU.Build.0 = Release|Any CPU
	EndGlobalSection
	GlobalSection(SolutionProperties) = preSolution
		HideSolutionNode = FALSE
	EndGlobalSection
	GlobalSection(ExtensibilityGlobals) = postSolution
		SolutionGuid = {76F10098-1FA7-4024-BB01-F18C02DADDA5}
	EndGlobalSection
EndGlobal
