
Microsoft Visual Studio Solution File, Format Version 12.00
# Visual Studio Version 16
VisualStudioVersion = 16.0.31729.503
MinimumVisualStudioVersion = 10.0.40219.1
Project("{FAE04EC0-301F-11D3-BF4B-00C04F79EFBC}") = "operation de peche", "operation de peche\operation de peche.csproj", "{7A2A29F9-87FA-4E0F-B787-28B80D3953F3}"
EndProject
Global
	GlobalSection(SolutionConfigurationPlatforms) = preSolution
		Debug|Any CPU = Debug|Any CPU
		Release|Any CPU = Release|Any CPU
	EndGlobalSection
	GlobalSection(ProjectConfigurationPlatforms) = postSolution
		{7A2A29F9-87FA-4E0F-B787-28B80D3953F3}.Debug|Any CPU.ActiveCfg = Debug|Any CPU
		{7A2A29F9-87FA-4E0F-B787-28B80D3953F3}.Debug|Any CPU.Build.0 = Debug|Any CPU
		{7A2A29F9-87FA-4E0F-B787-28B80D3953F3}.Release|Any CPU.ActiveCfg = Release|Any CPU
		{7A2A29F9-87FA-4E0F-B787-28B80D3953F3}.Release|Any CPU.Build.0 = Release|Any CPU
	EndGlobalSection
	GlobalSection(SolutionProperties) = preSolution
		HideSolutionNode = FALSE
	EndGlobalSection
	GlobalSection(ExtensibilityGlobals) = postSolution
		SolutionGuid = {AA76413F-4064-4DEB-9107-3C7486A7F3F6}
	EndGlobalSection
EndGlobal
