
Microsoft Visual Studio Solution File, Format Version 12.00
# Visual Studio Version 16
VisualStudioVersion = 16.0.31911.196
MinimumVisualStudioVersion = 10.0.40219.1
Project("{FAE04EC0-301F-11D3-BF4B-00C04F79EFBC}") = "GestionProduitWPF", "GestionProduitWPF.csproj", "{B3C70E57-24AC-4FAD-A008-A2DE02E1C0E1}"
EndProject
Global
	GlobalSection(SolutionConfigurationPlatforms) = preSolution
		Debug|Any CPU = Debug|Any CPU
		Release|Any CPU = Release|Any CPU
	EndGlobalSection
	GlobalSection(ProjectConfigurationPlatforms) = postSolution
		{B3C70E57-24AC-4FAD-A008-A2DE02E1C0E1}.Debug|Any CPU.ActiveCfg = Debug|Any CPU
		{B3C70E57-24AC-4FAD-A008-A2DE02E1C0E1}.Debug|Any CPU.Build.0 = Debug|Any CPU
		{B3C70E57-24AC-4FAD-A008-A2DE02E1C0E1}.Release|Any CPU.ActiveCfg = Release|Any CPU
		{B3C70E57-24AC-4FAD-A008-A2DE02E1C0E1}.Release|Any CPU.Build.0 = Release|Any CPU
	EndGlobalSection
	GlobalSection(SolutionProperties) = preSolution
		HideSolutionNode = FALSE
	EndGlobalSection
	GlobalSection(ExtensibilityGlobals) = postSolution
		SolutionGuid = {876EB740-BBEE-4F18-B0D5-64391E55BE29}
	EndGlobalSection
EndGlobal
