
Microsoft Visual Studio Solution File, Format Version 12.00
# Visual Studio Version 16
VisualStudioVersion = 16.0.31911.196
MinimumVisualStudioVersion = 10.0.40219.1
Project("{FAE04EC0-301F-11D3-BF4B-00C04F79EFBC}") = "GestionStock", "GestionStock.csproj", "{6AD3ED20-7DB6-4340-989F-DCFAA6E933E8}"
EndProject
Global
	GlobalSection(SolutionConfigurationPlatforms) = preSolution
		Debug|Any CPU = Debug|Any CPU
		Release|Any CPU = Release|Any CPU
	EndGlobalSection
	GlobalSection(ProjectConfigurationPlatforms) = postSolution
		{6AD3ED20-7DB6-4340-989F-DCFAA6E933E8}.Debug|Any CPU.ActiveCfg = Debug|Any CPU
		{6AD3ED20-7DB6-4340-989F-DCFAA6E933E8}.Debug|Any CPU.Build.0 = Debug|Any CPU
		{6AD3ED20-7DB6-4340-989F-DCFAA6E933E8}.Release|Any CPU.ActiveCfg = Release|Any CPU
		{6AD3ED20-7DB6-4340-989F-DCFAA6E933E8}.Release|Any CPU.Build.0 = Release|Any CPU
	EndGlobalSection
	GlobalSection(SolutionProperties) = preSolution
		HideSolutionNode = FALSE
	EndGlobalSection
	GlobalSection(ExtensibilityGlobals) = postSolution
		SolutionGuid = {26F4D663-B0A2-4396-8006-F6738A57F839}
	EndGlobalSection
EndGlobal
