
Microsoft Visual Studio Solution File, Format Version 12.00
# Visual Studio Version 16
VisualStudioVersion = 16.0.31911.196
MinimumVisualStudioVersion = 10.0.40219.1
Project("{FAE04EC0-301F-11D3-BF4B-00C04F79EFBC}") = "DemoEF", "DemoEF\DemoEF.csproj", "{67D6B9BE-938C-4929-945F-C36A7A71C5C9}"
EndProject
Global
	GlobalSection(SolutionConfigurationPlatforms) = preSolution
		Debug|Any CPU = Debug|Any CPU
		Release|Any CPU = Release|Any CPU
	EndGlobalSection
	GlobalSection(ProjectConfigurationPlatforms) = postSolution
		{67D6B9BE-938C-4929-945F-C36A7A71C5C9}.Debug|Any CPU.ActiveCfg = Debug|Any CPU
		{67D6B9BE-938C-4929-945F-C36A7A71C5C9}.Debug|Any CPU.Build.0 = Debug|Any CPU
		{67D6B9BE-938C-4929-945F-C36A7A71C5C9}.Release|Any CPU.ActiveCfg = Release|Any CPU
		{67D6B9BE-938C-4929-945F-C36A7A71C5C9}.Release|Any CPU.Build.0 = Release|Any CPU
	EndGlobalSection
	GlobalSection(SolutionProperties) = preSolution
		HideSolutionNode = FALSE
	EndGlobalSection
	GlobalSection(ExtensibilityGlobals) = postSolution
		SolutionGuid = {E40937AB-76FF-4A21-BFB8-313C12A1540B}
	EndGlobalSection
EndGlobal
