
Microsoft Visual Studio Solution File, Format Version 12.00
# Visual Studio Version 16
VisualStudioVersion = 16.0.31911.196
MinimumVisualStudioVersion = 10.0.40219.1
Project("{FAE04EC0-301F-11D3-BF4B-00C04F79EFBC}") = "MagasinV2", "MagasinV2.csproj", "{202CCD4A-D24F-4D59-8608-6EEB8F46A490}"
EndProject
Global
	GlobalSection(SolutionConfigurationPlatforms) = preSolution
		Debug|Any CPU = Debug|Any CPU
		Release|Any CPU = Release|Any CPU
	EndGlobalSection
	GlobalSection(ProjectConfigurationPlatforms) = postSolution
		{202CCD4A-D24F-4D59-8608-6EEB8F46A490}.Debug|Any CPU.ActiveCfg = Debug|Any CPU
		{202CCD4A-D24F-4D59-8608-6EEB8F46A490}.Debug|Any CPU.Build.0 = Debug|Any CPU
		{202CCD4A-D24F-4D59-8608-6EEB8F46A490}.Release|Any CPU.ActiveCfg = Release|Any CPU
		{202CCD4A-D24F-4D59-8608-6EEB8F46A490}.Release|Any CPU.Build.0 = Release|Any CPU
	EndGlobalSection
	GlobalSection(SolutionProperties) = preSolution
		HideSolutionNode = FALSE
	EndGlobalSection
	GlobalSection(ExtensibilityGlobals) = postSolution
		SolutionGuid = {D739D304-0AED-4DA3-8D9B-CAC1882D829D}
	EndGlobalSection
EndGlobal
