
Microsoft Visual Studio Solution File, Format Version 12.00
# Visual Studio Version 16
VisualStudioVersion = 16.0.31729.503
MinimumVisualStudioVersion = 10.0.40219.1
Project("{FAE04EC0-301F-11D3-BF4B-00C04F79EFBC}") = "Corrections", "Corrections\Corrections.csproj", "{30382059-3B1B-49CB-BD25-07B9D92808D4}"
EndProject
Global
	GlobalSection(SolutionConfigurationPlatforms) = preSolution
		Debug|Any CPU = Debug|Any CPU
		Release|Any CPU = Release|Any CPU
	EndGlobalSection
	GlobalSection(ProjectConfigurationPlatforms) = postSolution
		{30382059-3B1B-49CB-BD25-07B9D92808D4}.Debug|Any CPU.ActiveCfg = Debug|Any CPU
		{30382059-3B1B-49CB-BD25-07B9D92808D4}.Debug|Any CPU.Build.0 = Debug|Any CPU
		{30382059-3B1B-49CB-BD25-07B9D92808D4}.Release|Any CPU.ActiveCfg = Release|Any CPU
		{30382059-3B1B-49CB-BD25-07B9D92808D4}.Release|Any CPU.Build.0 = Release|Any CPU
	EndGlobalSection
	GlobalSection(SolutionProperties) = preSolution
		HideSolutionNode = FALSE
	EndGlobalSection
	GlobalSection(ExtensibilityGlobals) = postSolution
		SolutionGuid = {CA825E8D-8325-4840-8FCA-A29AA2EF0BAC}
	EndGlobalSection
EndGlobal
